version = 1
revision = 3
requires-python = ">=3.10.16"

[[package]]
name = "cato"
version = "0.1.0"
source = { editable = "." }

[package.optional-dependencies]
cuda = [
    { name = "nvidia-cuda-runtime-cu12" },
]

[package.metadata]
requires-dist = [{ name = "nvidia-cuda-runtime-cu12", marker = "extra == 'cuda'" }]
provides-extras = ["cuda"]

[[package]]
name = "nvidia-cuda-runtime-cu12"
version = "12.9.79"
source = { registry = "https://pypi.org/simple" }
wheels = [
    { url = "https://files.pythonhosted.org/packages/bc/e0/0279bd94539fda525e0c8538db29b72a5a8495b0c12173113471d28bce78/nvidia_cuda_runtime_cu12-12.9.79-py3-none-manylinux2014_aarch64.manylinux_2_17_aarch64.whl", hash = "sha256:83469a846206f2a733db0c42e223589ab62fd2fabac4432d2f8802de4bded0a4", size = 3515012, upload-time = "2025-06-05T20:00:35.519Z" },
    { url = "https://files.pythonhosted.org/packages/bc/46/a92db19b8309581092a3add7e6fceb4c301a3fd233969856a8cbf042cd3c/nvidia_cuda_runtime_cu12-12.9.79-py3-none-manylinux2014_x86_64.manylinux_2_17_x86_64.whl", hash = "sha256:25bba2dfb01d48a9b59ca474a1ac43c6ebf7011f1b0b8cc44f54eb6ac48a96c3", size = 3493179, upload-time = "2025-06-05T20:00:53.735Z" },
    { url = "https://files.pythonhosted.org/packages/59/df/e7c3a360be4f7b93cee39271b792669baeb3846c58a4df6dfcf187a7ffab/nvidia_cuda_runtime_cu12-12.9.79-py3-none-win_amd64.whl", hash = "sha256:8e018af8fa02363876860388bd10ccb89eb9ab8fb0aa749aaf58430a9f7c4891", size = 3591604, upload-time = "2025-06-05T20:11:17.036Z" },
]
